// !$*UTF8*$!
{
	archiveVersion = 1;
	classes = {
	};
	objectVersion = 50;
	objects = {

/* Begin PBXBuildFile section */
		34BFFD702488F46900397993 /* AppDelegate.swift in Sources */ = {isa = PBXBuildFile; fileRef = 34BFFD6F2488F46900397993 /* AppDelegate.swift */; };
		34BFFD722488F46900397993 /* SceneDelegate.swift in Sources */ = {isa = PBXBuildFile; fileRef = 34BFFD712488F46900397993 /* SceneDelegate.swift */; };
		34BFFD762488F46B00397993 /* Assets.xcassets in Resources */ = {isa = PBXBuildFile; fileRef = 34BFFD752488F46B00397993 /* Assets.xcassets */; };
		34BFFD792488F46B00397993 /* Preview Assets.xcassets in Resources */ = {isa = PBXBuildFile; fileRef = 34BFFD782488F46B00397993 /* Preview Assets.xcassets */; };
		34BFFD7C2488F46B00397993 /* LaunchScreen.storyboard in Resources */ = {isa = PBXBuildFile; fileRef = 34BFFD7A2488F46B00397993 /* LaunchScreen.storyboard */; };
		34BFFD842488FE6E00397993 /* Text.swift in Sources */ = {isa = PBXBuildFile; fileRef = 34BFFD832488FE6E00397993 /* Text.swift */; };
		34BFFD862488FEF500397993 /* TextField.swift in Sources */ = {isa = PBXBuildFile; fileRef = 34BFFD852488FEF500397993 /* TextField.swift */; };
/* End PBXBuildFile section */

/* Begin PBXFileReference section */
		34BFFD6C2488F46900397993 /* 30DaysOfSwiftUI.app */ = {isa = PBXFileReference; explicitFileType = wrapper.application; includeInIndex = 0; path = 30DaysOfSwiftUI.app; sourceTree = BUILT_PRODUCTS_DIR; };
		34BFFD6F2488F46900397993 /* AppDelegate.swift */ = {isa = PBXFileReference; lastKnownFileType = sourcecode.swift; path = AppDelegate.swift; sourceTree = "<group>"; };
		34BFFD712488F46900397993 /* SceneDelegate.swift */ = {isa = PBXFileReference; lastKnownFileType = sourcecode.swift; path = SceneDelegate.swift; sourceTree = "<group>"; };
		34BFFD752488F46B00397993 /* Assets.xcassets */ = {isa = PBXFileReference; lastKnownFileType = folder.assetcatalog; path = Assets.xcassets; sourceTree = "<group>"; };
		34BFFD782488F46B00397993 /* Preview Assets.xcassets */ = {isa = PBXFileReference; lastKnownFileType = folder.assetcatalog; path = "Preview Assets.xcassets"; sourceTree = "<group>"; };
		34BFFD7B2488F46B00397993 /* Base */ = {isa = PBXFileReference; lastKnownFileType = file.storyboard; name = Base; path = Base.lproj/LaunchScreen.storyboard; sourceTree = "<group>"; };
		34BFFD7D2488F46B00397993 /* Info.plist */ = {isa = PBXFileReference; lastKnownFileType = text.plist.xml; path = Info.plist; sourceTree = "<group>"; };
		34BFFD832488FE6E00397993 /* Text.swift */ = {isa = PBXFileReference; lastKnownFileType = sourcecode.swift; path = Text.swift; sourceTree = "<group>"; };
		34BFFD852488FEF500397993 /* TextField.swift */ = {isa = PBXFileReference; lastKnownFileType = sourcecode.swift; path = TextField.swift; sourceTree = "<group>"; };
/* End PBXFileReference section */

/* Begin PBXFrameworksBuildPhase section */
		34BFFD692488F46900397993 /* Frameworks */ = {
			isa = PBXFrameworksBuildPhase;
			buildActionMask = 2147483647;
			files = (
			);
			runOnlyForDeploymentPostprocessing = 0;
		};
/* End PBXFrameworksBuildPhase section */

/* Begin PBXGroup section */
		34BFFD632488F46900397993 = {
			isa = PBXGroup;
			children = (
				34BFFD6E2488F46900397993 /* 30DaysOfSwiftUI */,
				34BFFD6D2488F46900397993 /* Products */,
			);
			sourceTree = "<group>";
		};
		34BFFD6D2488F46900397993 /* Products */ = {
			isa = PBXGroup;
			children = (
				34BFFD6C2488F46900397993 /* 30DaysOfSwiftUI.app */,
			);
			name = Products;
			sourceTree = "<group>";
		};
		34BFFD6E2488F46900397993 /* 30DaysOfSwiftUI */ = {
			isa = PBXGroup;
			children = (
				34BFFD6F2488F46900397993 /* AppDelegate.swift */,
				34BFFD712488F46900397993 /* SceneDelegate.swift */,
				34BFFD832488FE6E00397993 /* Text.swift */,
				34BFFD852488FEF500397993 /* TextField.swift */,
				34BFFD752488F46B00397993 /* Assets.xcassets */,
				34BFFD7A2488F46B00397993 /* LaunchScreen.storyboard */,
				34BFFD7D2488F46B00397993 /* Info.plist */,
				34BFFD772488F46B00397993 /* Preview Content */,
			);
			path = 30DaysOfSwiftUI;
			sourceTree = "<group>";
		};
		34BFFD772488F46B00397993 /* Preview Content */ = {
			isa = PBXGroup;
			children = (
				34BFFD782488F46B00397993 /* Preview Assets.xcassets */,
			);
			path = "Preview Content";
			sourceTree = "<group>";
		};
/* End PBXGroup section */

/* Begin PBXNativeTarget section */
		34BFFD6B2488F46900397993 /* 30DaysOfSwiftUI */ = {
			isa = PBXNativeTarget;
			buildConfigurationList = 34BFFD802488F46B00397993 /* Build configuration list for PBXNativeTarget "30DaysOfSwiftUI" */;
			buildPhases = (
				34BFFD682488F46900397993 /* Sources */,
				34BFFD692488F46900397993 /* Frameworks */,
				34BFFD6A2488F46900397993 /* Resources */,
			);
			buildRules = (
			);
			dependencies = (
			);
			name = 30DaysOfSwiftUI;
			productName = 30DaysOfSwiftUI;
			productReference = 34BFFD6C2488F46900397993 /* 30DaysOfSwiftUI.app */;
			productType = "com.apple.product-type.application";
		};
/* End PBXNativeTarget section */

/* Begin PBXProject section */
		34BFFD642488F46900397993 /* Project object */ = {
			isa = PBXProject;
			attributes = {
				LastSwiftUpdateCheck = 1120;
				LastUpgradeCheck = 1120;
				ORGANIZATIONNAME = "Kapil Rathore";
				TargetAttributes = {
					34BFFD6B2488F46900397993 = {
						CreatedOnToolsVersion = 11.2.1;
					};
				};
			};
			buildConfigurationList = 34BFFD672488F46900397993 /* Build configuration list for PBXProject "30DaysOfSwiftUI" */;
			compatibilityVersion = "Xcode 9.3";
			developmentRegion = en;
			hasScannedForEncodings = 0;
			knownRegions = (
				en,
				Base,
			);
			mainGroup = 34BFFD632488F46900397993;
			productRefGroup = 34BFFD6D2488F46900397993 /* Products */;
			projectDirPath = "";
			projectRoot = "";
			targets = (
				34BFFD6B2488F46900397993 /* 30DaysOfSwiftUI */,
			);
		};
/* End PBXProject section */

/* Begin PBXResourcesBuildPhase section */
		34BFFD6A2488F46900397993 /* Resources */ = {
			isa = PBXResourcesBuildPhase;
			buildActionMask = 2147483647;
			files = (
				34BFFD7C2488F46B00397993 /* LaunchScreen.storyboard in Resources */,
				34BFFD792488F46B00397993 /* Preview Assets.xcassets in Resources */,
				34BFFD762488F46B00397993 /* Assets.xcassets in Resources */,
			);
			runOnlyForDeploymentPostprocessing = 0;
		};
/* End PBXResourcesBuildPhase section */

/* Begin PBXSourcesBuildPhase section */
		34BFFD682488F46900397993 /* Sources */ = {
			isa = PBXSourcesBuildPhase;
			buildActionMask = 2147483647;
			files = (
				34BFFD702488F46900397993 /* AppDelegate.swift in Sources */,
				34BFFD722488F46900397993 /* SceneDelegate.swift in Sources */,
				34BFFD842488FE6E00397993 /* Text.swift in Sources */,
				34BFFD862488FEF500397993 /* TextField.swift in Sources */,
			);
			runOnlyForDeploymentPostprocessing = 0;
		};
/* End PBXSourcesBuildPhase section */

/* Begin PBXVariantGroup section */
		34BFFD7A2488F46B00397993 /* LaunchScreen.storyboard */ = {
			isa = PBXVariantGroup;
			children = (
				34BFFD7B2488F46B00397993 /* Base */,
			);
			name = LaunchScreen.storyboard;
			sourceTree = "<group>";
		};
/* End PBXVariantGroup section */

/* Begin XCBuildConfiguration section */
		34BFFD7E2488F46B00397993 /* Debug */ = {
			isa = XCBuildConfiguration;
			buildSettings = {
				ALWAYS_SEARCH_USER_PATHS = NO;
				CLANG_ANALYZER_NONNULL = YES;
				CLANG_ANALYZER_NUMBER_OBJECT_CONVERSION = YES_AGGRESSIVE;
				CLANG_CXX_LANGUAGE_STANDARD = "gnu++14";
				CLANG_CXX_LIBRARY = "libc++";
				CLANG_ENABLE_MODULES = YES;
				CLANG_ENABLE_OBJC_ARC = YES;
				CLANG_ENABLE_OBJC_WEAK = YES;
				CLANG_WARN_BLOCK_CAPTURE_AUTORELEASING = YES;
				CLANG_WARN_BOOL_CONVERSION = YES;
				CLANG_WARN_COMMA = YES;
				CLANG_WARN_CONSTANT_CONVERSION = YES;
				CLANG_WARN_DEPRECATED_OBJC_IMPLEMENTATIONS = YES;
				CLANG_WARN_DIRECT_OBJC_ISA_USAGE = YES_ERROR;
				CLANG_WARN_DOCUMENTATION_COMMENTS = YES;
				CLANG_WARN_EMPTY_BODY = YES;
				CLANG_WARN_ENUM_CONVERSION = YES;
				CLANG_WARN_INFINITE_RECURSION = YES;
				CLANG_WARN_INT_CONVERSION = YES;
				CLANG_WARN_NON_LITERAL_NULL_CONVERSION = YES;
				CLANG_WARN_OBJC_IMPLICIT_RETAIN_SELF = YES;
				CLANG_WARN_OBJC_LITERAL_CONVERSION = YES;
				CLANG_WARN_OBJC_ROOT_CLASS = YES_ERROR;
				CLANG_WARN_RANGE_LOOP_ANALYSIS = YES;
				CLANG_WARN_STRICT_PROTOTYPES = YES;
				CLANG_WARN_SUSPICIOUS_MOVE = YES;
				CLANG_WARN_UNGUARDED_AVAILABILITY = YES_AGGRESSIVE;
				CLANG_WARN_UNREACHABLE_CODE = YES;
				CLANG_WARN__DUPLICATE_METHOD_MATCH = YES;
				COPY_PHASE_STRIP = NO;
				DEBUG_INFORMATION_FORMAT = dwarf;
				ENABLE_STRICT_OBJC_MSGSEND = YES;
				ENABLE_TESTABILITY = YES;
				GCC_C_LANGUAGE_STANDARD = gnu11;
				GCC_DYNAMIC_NO_PIC = NO;
				GCC_NO_COMMON_BLOCKS = YES;
				GCC_OPTIMIZATION_LEVEL = 0;
				GCC_PREPROCESSOR_DEFINITIONS = (
					"DEBUG=1",
					"$(inherited)",
				);
				GCC_WARN_64_TO_32_BIT_CONVERSION = YES;
				GCC_WARN_ABOUT_RETURN_TYPE = YES_ERROR;
				GCC_WARN_UNDECLARED_SELECTOR = YES;
				GCC_WARN_UNINITIALIZED_AUTOS = YES_AGGRESSIVE;
				GCC_WARN_UNUSED_FUNCTION = YES;
				GCC_WARN_UNUSED_VARIABLE = YES;
				IPHONEOS_DEPLOYMENT_TARGET = 13.2;
				MTL_ENABLE_DEBUG_INFO = INCLUDE_SOURCE;
				MTL_FAST_MATH = YES;
				ONLY_ACTIVE_ARCH = YES;
				SDKROOT = iphoneos;
				SWIFT_ACTIVE_COMPILATION_CONDITIONS = DEBUG;
				SWIFT_OPTIMIZATION_LEVEL = "-Onone";
			};
			name = Debug;
		};
		34BFFD7F2488F46B00397993 /* Release */ = {
			isa = XCBuildConfiguration;
			buildSettings = {
				ALWAYS_SEARCH_USER_PATHS = NO;
				CLANG_ANALYZER_NONNULL = YES;
				CLANG_ANALYZER_NUMBER_OBJECT_CONVERSION = YES_AGGRESSIVE;
				CLANG_CXX_LANGUAGE_STANDARD = "gnu++14";
				CLANG_CXX_LIBRARY = "libc++";
				CLANG_ENABLE_MODULES = YES;
				CLANG_ENABLE_OBJC_ARC = YES;
				CLANG_ENABLE_OBJC_WEAK = YES;
				CLANG_WARN_BLOCK_CAPTURE_AUTORELEASING = YES;
				CLANG_WARN_BOOL_CONVERSION = YES;
				CLANG_WARN_COMMA = YES;
				CLANG_WARN_CONSTANT_CONVERSION = YES;
				CLANG_WARN_DEPRECATED_OBJC_IMPLEMENTATIONS = YES;
				CLANG_WARN_DIRECT_OBJC_ISA_USAGE = YES_ERROR;
				CLANG_WARN_DOCUMENTATION_COMMENTS = YES;
				CLANG_WARN_EMPTY_BODY = YES;
				CLANG_WARN_ENUM_CONVERSION = YES;
				CLANG_WARN_INFINITE_RECURSION = YES;
				CLANG_WARN_INT_CONVERSION = YES;
				CLANG_WARN_NON_LITERAL_NULL_CONVERSION = YES;
				CLANG_WARN_OBJC_IMPLICIT_RETAIN_SELF = YES;
				CLANG_WARN_OBJC_LITERAL_CONVERSION = YES;
				CLANG_WARN_OBJC_ROOT_CLASS = YES_ERROR;
				CLANG_WARN_RANGE_LOOP_ANALYSIS = YES;
				CLANG_WARN_STRICT_PROTOTYPES = YES;
				CLANG_WARN_SUSPICIOUS_MOVE = YES;
				CLANG_WARN_UNGUARDED_AVAILABILITY = YES_AGGRESSIVE;
				CLANG_WARN_UNREACHABLE_CODE = YES;
				CLANG_WARN__DUPLICATE_METHOD_MATCH = YES;
				COPY_PHASE_STRIP = NO;
				DEBUG_INFORMATION_FORMAT = "dwarf-with-dsym";
				ENABLE_NS_ASSERTIONS = NO;
				ENABLE_STRICT_OBJC_MSGSEND = YES;
				GCC_C_LANGUAGE_STANDARD = gnu11;
				GCC_NO_COMMON_BLOCKS = YES;
				GCC_WARN_64_TO_32_BIT_CONVERSION = YES;
				GCC_WARN_ABOUT_RETURN_TYPE = YES_ERROR;
				GCC_WARN_UNDECLARED_SELECTOR = YES;
				GCC_WARN_UNINITIALIZED_AUTOS = YES_AGGRESSIVE;
				GCC_WARN_UNUSED_FUNCTION = YES;
				GCC_WARN_UNUSED_VARIABLE = YES;
				IPHONEOS_DEPLOYMENT_TARGET = 13.2;
				MTL_ENABLE_DEBUG_INFO = NO;
				MTL_FAST_MATH = YES;
				SDKROOT = iphoneos;
				SWIFT_COMPILATION_MODE = wholemodule;
				SWIFT_OPTIMIZATION_LEVEL = "-O";
				VALIDATE_PRODUCT = YES;
			};
			name = Release;
		};
		34BFFD812488F46B00397993 /* Debug */ = {
			isa = XCBuildConfiguration;
			buildSettings = {
				ASSETCATALOG_COMPILER_APPICON_NAME = AppIcon;
				CODE_SIGN_STYLE = Automatic;
				DEVELOPMENT_ASSET_PATHS = "\"30DaysOfSwiftUI/Preview Content\"";
				DEVELOPMENT_TEAM = TMG254D42M;
				ENABLE_PREVIEWS = YES;
				INFOPLIST_FILE = 30DaysOfSwiftUI/Info.plist;
				LD_RUNPATH_SEARCH_PATHS = (
					"$(inherited)",
					"@executable_path/Frameworks",
				);
				PRODUCT_BUNDLE_IDENTIFIER = "com.kapilrathore.-0DaysOfSwiftUI";
				PRODUCT_NAME = "$(TARGET_NAME)";
				SWIFT_VERSION = 5.0;
				TARGETED_DEVICE_FAMILY = "1,2";
			};
			name = Debug;
		};
		34BFFD822488F46B00397993 /* Release */ = {
			isa = XCBuildConfiguration;
			buildSettings = {
				ASSETCATALOG_COMPILER_APPICON_NAME = AppIcon;
				CODE_SIGN_STYLE = Automatic;
				DEVELOPMENT_ASSET_PATHS = "\"30DaysOfSwiftUI/Preview Content\"";
				DEVELOPMENT_TEAM = TMG254D42M;
				ENABLE_PREVIEWS = YES;
				INFOPLIST_FILE = 30DaysOfSwiftUI/Info.plist;
				LD_RUNPATH_SEARCH_PATHS = (
					"$(inherited)",
					"@executable_path/Frameworks",
				);
				PRODUCT_BUNDLE_IDENTIFIER = "com.kapilrathore.-0DaysOfSwiftUI";
				PRODUCT_NAME = "$(TARGET_NAME)";
				SWIFT_VERSION = 5.0;
				TARGETED_DEVICE_FAMILY = "1,2";
			};
			name = Release;
		};
/* End XCBuildConfiguration section */

/* Begin XCConfigurationList section */
		34BFFD672488F46900397993 /* Build configuration list for PBXProject "30DaysOfSwiftUI" */ = {
			isa = XCConfigurationList;
			buildConfigurations = (
				34BFFD7E2488F46B00397993 /* Debug */,
				34BFFD7F2488F46B00397993 /* Release */,
			);
			defaultConfigurationIsVisible = 0;
			defaultConfigurationName = Release;
		};
		34BFFD802488F46B00397993 /* Build configuration list for PBXNativeTarget "30DaysOfSwiftUI" */ = {
			isa = XCConfigurationList;
			buildConfigurations = (
				34BFFD812488F46B00397993 /* Debug */,
				34BFFD822488F46B00397993 /* Release */,
			);
			defaultConfigurationIsVisible = 0;
			defaultConfigurationName = Release;
		};
/* End XCConfigurationList section */
	};
	rootObject = 34BFFD642488F46900397993 /* Project object */;
}
